
Microsoft Visual Studio Solution File, Format Version 12.00
# Visual Studio Version 17
VisualStudioVersion = 17.4.33103.184
MinimumVisualStudioVersion = 10.0.40219.1
Project("{FAE04EC0-301F-11D3-BF4B-00C04F79EFBC}") = "CaesarSubstitution-GUI-Version", "CaesarSubstitution-GUI-Version\CaesarSubstitution-GUI-Version.csproj", "{34460DA3-8A1F-4593-A490-63BE40EEDD27}"
EndProject
Global
	GlobalSection(SolutionConfigurationPlatforms) = preSolution
		Debug|Any CPU = Debug|Any CPU
		Release|Any CPU = Release|Any CPU
	EndGlobalSection
	GlobalSection(ProjectConfigurationPlatforms) = postSolution
		{34460DA3-8A1F-4593-A490-63BE40EEDD27}.Debug|Any CPU.ActiveCfg = Debug|Any CPU
		{34460DA3-8A1F-4593-A490-63BE40EEDD27}.Debug|Any CPU.Build.0 = Debug|Any CPU
		{34460DA3-8A1F-4593-A490-63BE40EEDD27}.Release|Any CPU.ActiveCfg = Release|Any CPU
		{34460DA3-8A1F-4593-A490-63BE40EEDD27}.Release|Any CPU.Build.0 = Release|Any CPU
	EndGlobalSection
	GlobalSection(SolutionProperties) = preSolution
		HideSolutionNode = FALSE
	EndGlobalSection
	GlobalSection(ExtensibilityGlobals) = postSolution
		SolutionGuid = {A119C568-E538-4FBC-8159-0FB32A773EC1}
	EndGlobalSection
EndGlobal
